PODS:
  - ChainOneKit-Swift (0.0.5):
    - ChainOneKit-Swift/Constant (= 0.0.5)
    - ChainOneKit-Swift/FoundationExtension (= 0.0.5)
    - ChainOneKit-Swift/Helper (= 0.0.5)
    - ChainOneKit-Swift/Template (= 0.0.5)
    - ChainOneKit-Swift/UIKitExtension (= 0.0.5)
    - ChainOneKit-Swift/XDNestView (= 0.0.5)
    - ChainOneKit-Swift/XDPackageTimer (= 0.0.5)
  - ChainOneKit-Swift/Constant (0.0.5):
    - ChainOneKit-Swift/UIKitExtension
  - ChainOneKit-Swift/FoundationExtension (0.0.5)
  - ChainOneKit-Swift/Helper (0.0.5):
    - ChainOneKit-Swift/FoundationExtension
  - ChainOneKit-Swift/Template (0.0.5):
    - ChainOneKit-Swift/Constant
  - ChainOneKit-Swift/UIKitExtension (0.0.5)
  - ChainOneKit-Swift/XDNestView (0.0.5)
  - ChainOneKit-Swift/XDPackageTimer (0.0.5)

DEPENDENCIES:
  - ChainOneKit-Swift (from `../`)

EXTERNAL SOURCES:
  ChainOneKit-Swift:
    :path: "../"

SPEC CHECKSUMS:
  ChainOneKit-Swift: 1de2c42f02f09f172bd7001e21d5f924a11da001

PODFILE CHECKSUM: bebd73b3263340beab2adf8c819142213534a536

COCOAPODS: 1.6.2
